
Microsoft Visual Studio Solution File, Format Version 12.00
# Visual Studio Version 17
VisualStudioVersion = 17.14.36518.9 d17.14
MinimumVisualStudioVersion = 10.0.40219.1
Project("{FAE04EC0-301F-11D3-BF4B-00C04F79EFBC}") = "DolgozatWPF", "DolgozatWPF\DolgozatWPF.csproj", "{02938C9D-1CF7-45C1-B70D-D5CD8A2C58FC}"
EndProject
Global
	GlobalSection(SolutionConfigurationPlatforms) = preSolution
		Debug|Any CPU = Debug|Any CPU
		Release|Any CPU = Release|Any CPU
	EndGlobalSection
	GlobalSection(ProjectConfigurationPlatforms) = postSolution
		{02938C9D-1CF7-45C1-B70D-D5CD8A2C58FC}.Debug|Any CPU.ActiveCfg = Debug|Any CPU
		{02938C9D-1CF7-45C1-B70D-D5CD8A2C58FC}.Debug|Any CPU.Build.0 = Debug|Any CPU
		{02938C9D-1CF7-45C1-B70D-D5CD8A2C58FC}.Release|Any CPU.ActiveCfg = Release|Any CPU
		{02938C9D-1CF7-45C1-B70D-D5CD8A2C58FC}.Release|Any CPU.Build.0 = Release|Any CPU
	EndGlobalSection
	GlobalSection(SolutionProperties) = preSolution
		HideSolutionNode = FALSE
	EndGlobalSection
	GlobalSection(ExtensibilityGlobals) = postSolution
		SolutionGuid = {0E979F0F-C0B3-4C62-A67B-C44C31DB5E69}
	EndGlobalSection
EndGlobal
